
Microsoft Visual Studio Solution File, Format Version 12.00
# Visual Studio 15
VisualStudioVersion = 15.0.28307.136
MinimumVisualStudioVersion = 10.0.40219.1
Project("{FAE04EC0-301F-11D3-BF4B-00C04F79EFBC}") = "TestTaskFromWork", "TestTaskFromWork\TestTaskFromWork.csproj", "{F53560F6-9CA8-46CA-A8C3-9589CEF3B031}"
EndProject
Project("{FAE04EC0-301F-11D3-BF4B-00C04F79EFBC}") = "TestTaskLibrary", "ClassLibrary1\TestTaskLibrary.csproj", "{F5EEC19F-5A61-4883-BAF5-997AB9749364}"
EndProject
Global
	GlobalSection(SolutionConfigurationPlatforms) = preSolution
		Debug|Any CPU = Debug|Any CPU
		Release|Any CPU = Release|Any CPU
	EndGlobalSection
	GlobalSection(ProjectConfigurationPlatforms) = postSolution
		{F53560F6-9CA8-46CA-A8C3-9589CEF3B031}.Debug|Any CPU.ActiveCfg = Debug|Any CPU
		{F53560F6-9CA8-46CA-A8C3-9589CEF3B031}.Debug|Any CPU.Build.0 = Debug|Any CPU
		{F53560F6-9CA8-46CA-A8C3-9589CEF3B031}.Release|Any CPU.ActiveCfg = Release|Any CPU
		{F53560F6-9CA8-46CA-A8C3-9589CEF3B031}.Release|Any CPU.Build.0 = Release|Any CPU
		{F5EEC19F-5A61-4883-BAF5-997AB9749364}.Debug|Any CPU.ActiveCfg = Debug|Any CPU
		{F5EEC19F-5A61-4883-BAF5-997AB9749364}.Debug|Any CPU.Build.0 = Debug|Any CPU
		{F5EEC19F-5A61-4883-BAF5-997AB9749364}.Release|Any CPU.ActiveCfg = Release|Any CPU
		{F5EEC19F-5A61-4883-BAF5-997AB9749364}.Release|Any CPU.Build.0 = Release|Any CPU
	EndGlobalSection
	GlobalSection(SolutionProperties) = preSolution
		HideSolutionNode = FALSE
	EndGlobalSection
	GlobalSection(ExtensibilityGlobals) = postSolution
		SolutionGuid = {ED9B5F0B-6DE1-458B-AA46-BECD11CD594D}
	EndGlobalSection
EndGlobal
